{
  "name": "js-bind-net",
  "lockfileVersion": 2,
  "requires": true,
  "packages": {
    "": {
      "name": "js-bind-net",
      "devDependencies": {
        "rollup": "^3.29.3"
      }
    },
    "node_modules/fsevents": {
      "version": "2.3.3",
      "resolved": "https://registry.npmjs.org/fsevents/-/fsevents-2.3.3.tgz",
      "integrity": "sha512-5xoDfX+fL7faATnagmWPpbFtwh/R77WmMMqqHGS65C3vvB0YHrgF+B1YmZ3441tMj5n63k0212XNoJwzlhffQw==",
      "dev": true,
      "hasInstallScript": true,
      "optional": true,
      "os": [
        "darwin"
      ],
      "engines": {
        "node": "^8.16.0 || ^10.6.0 || >=11.0.0"
      }
    },
    "node_modules/rollup": {
      "version": "3.29.3",
      "resolved": "https://registry.npmjs.org/rollup/-/rollup-3.29.3.tgz",
      "integrity": "sha512-T7du6Hum8jOkSWetjRgbwpM6Sy0nECYrYRSmZjayFcOddtKJWU4d17AC3HNUk7HRuqy4p+G7aEZclSHytqUmEg==",
      "dev": true,
      "bin": {
        "rollup": "dist/bin/rollup"
      },
      "engines": {
        "node": ">=14.18.0",
        "npm": ">=8.0.0"
      },
      "optionalDependencies": {
        "fsevents": "~2.3.2"
      }
    }
  },
  "dependencies": {
    "fsevents": {
      "version": "2.3.3",
      "resolved": "https://registry.npmjs.org/fsevents/-/fsevents-2.3.3.tgz",
      "integrity": "sha512-5xoDfX+fL7faATnagmWPpbFtwh/R77WmMMqqHGS65C3vvB0YHrgF+B1YmZ3441tMj5n63k0212XNoJwzlhffQw==",
      "dev": true,
      "optional": true
    },
    "rollup": {
      "version": "3.29.3",
      "resolved": "https://registry.npmjs.org/rollup/-/rollup-3.29.3.tgz",
      "integrity": "sha512-T7du6Hum8jOkSWetjRgbwpM6Sy0nECYrYRSmZjayFcOddtKJWU4d17AC3HNUk7HRuqy4p+G7aEZclSHytqUmEg==",
      "dev": true,
      "requires": {
        "fsevents": "~2.3.2"
      }
    }
  }
}
